
Microsoft Visual Studio Solution File, Format Version 12.00
# Visual Studio Version 17
VisualStudioVersion = 17.0.31903.59
MinimumVisualStudioVersion = 10.0.40219.1
Project("{2150E333-8FDC-42A3-9474-1A3956D46DE8}") = "src", "src", "{B18CE8A3-356C-4FC4-AA51-11E349C767A5}"
EndProject
Project("{FAE04EC0-301F-11D3-BF4B-00C04F79EFBC}") = "Math.API", "src\Math.API\Math.API.csproj", "{1CA75696-8A16-4288-97CA-4F0C4345EB22}"
EndProject
Global
	GlobalSection(SolutionConfigurationPlatforms) = preSolution
		Debug|Any CPU = Debug|Any CPU
		Release|Any CPU = Release|Any CPU
	EndGlobalSection
	GlobalSection(ProjectConfigurationPlatforms) = postSolution
		{1CA75696-8A16-4288-97CA-4F0C4345EB22}.Debug|Any CPU.ActiveCfg = Debug|Any CPU
		{1CA75696-8A16-4288-97CA-4F0C4345EB22}.Debug|Any CPU.Build.0 = Debug|Any CPU
		{1CA75696-8A16-4288-97CA-4F0C4345EB22}.Release|Any CPU.ActiveCfg = Release|Any CPU
		{1CA75696-8A16-4288-97CA-4F0C4345EB22}.Release|Any CPU.Build.0 = Release|Any CPU
	EndGlobalSection
	GlobalSection(SolutionProperties) = preSolution
		HideSolutionNode = FALSE
	EndGlobalSection
	GlobalSection(NestedProjects) = preSolution
		{1CA75696-8A16-4288-97CA-4F0C4345EB22} = {B18CE8A3-356C-4FC4-AA51-11E349C767A5}
	EndGlobalSection
	GlobalSection(ExtensibilityGlobals) = postSolution
		SolutionGuid = {7429AFCD-68A7-4224-AA66-68F0DE7A6E11}
	EndGlobalSection
EndGlobal
